
Microsoft Visual Studio Solution File, Format Version 12.00
# Visual Studio 15
Project("{FAE04EC0-301F-11D3-BF4B-00C04F79EFBC}") = "Ugur", "Ugur.csproj", "{5E2362AE-455E-453C-8665-C5B441C9A0A4}"
EndProject
Global
	GlobalSection(SolutionConfigurationPlatforms) = preSolution
		Debug|anycpu = Debug|anycpu
		Release|anycpu = Release|anycpu
	EndGlobalSection
	GlobalSection(ProjectConfigurationPlatforms) = postSolution
		{5E2362AE-455E-453C-8665-C5B441C9A0A4}.Debug|anycpu.ActiveCfg = Debug|anycpu
		{5E2362AE-455E-453C-8665-C5B441C9A0A4}.Debug|anycpu.Build.0 = Debug|anycpu
		{5E2362AE-455E-453C-8665-C5B441C9A0A4}.Release|anycpu.ActiveCfg = Release|anycpu
		{5E2362AE-455E-453C-8665-C5B441C9A0A4}.Release|anycpu.Build.0 = Release|anycpu
	EndGlobalSection
EndGlobal
